
Microsoft Visual Studio Solution File, Format Version 12.00
# Visual Studio Version 17
VisualStudioVersion = 17.1.32210.238
MinimumVisualStudioVersion = 10.0.40219.1
Project("{FAE04EC0-301F-11D3-BF4B-00C04F79EFBC}") = "ex9", "ex9\ex9.csproj", "{0CB47FB5-EC5D-4FA1-8DC1-C360E3DB2392}"
EndProject
Global
	GlobalSection(SolutionConfigurationPlatforms) = preSolution
		Debug|Any CPU = Debug|Any CPU
		Release|Any CPU = Release|Any CPU
	EndGlobalSection
	GlobalSection(ProjectConfigurationPlatforms) = postSolution
		{0CB47FB5-EC5D-4FA1-8DC1-C360E3DB2392}.Debug|Any CPU.ActiveCfg = Debug|Any CPU
		{0CB47FB5-EC5D-4FA1-8DC1-C360E3DB2392}.Debug|Any CPU.Build.0 = Debug|Any CPU
		{0CB47FB5-EC5D-4FA1-8DC1-C360E3DB2392}.Release|Any CPU.ActiveCfg = Release|Any CPU
		{0CB47FB5-EC5D-4FA1-8DC1-C360E3DB2392}.Release|Any CPU.Build.0 = Release|Any CPU
	EndGlobalSection
	GlobalSection(SolutionProperties) = preSolution
		HideSolutionNode = FALSE
	EndGlobalSection
	GlobalSection(ExtensibilityGlobals) = postSolution
		SolutionGuid = {DEE18284-2377-4332-AA07-F8908F88B30C}
	EndGlobalSection
EndGlobal
